
Microsoft Visual Studio Solution File, Format Version 12.00
# Visual Studio Version 17
VisualStudioVersion = 17.11.35431.28
MinimumVisualStudioVersion = 10.0.40219.1
Project("{FAE04EC0-301F-11D3-BF4B-00C04F79EFBC}") = "Bin Packing-ADS", "Bin Packing-ADS.csproj", "{9505F92C-07B1-4AEF-B3A3-7DF8639081AD}"
EndProject
Global
	GlobalSection(SolutionConfigurationPlatforms) = preSolution
		Debug|Any CPU = Debug|Any CPU
		Release|Any CPU = Release|Any CPU
	EndGlobalSection
	GlobalSection(ProjectConfigurationPlatforms) = postSolution
		{9505F92C-07B1-4AEF-B3A3-7DF8639081AD}.Debug|Any CPU.ActiveCfg = Debug|Any CPU
		{9505F92C-07B1-4AEF-B3A3-7DF8639081AD}.Debug|Any CPU.Build.0 = Debug|Any CPU
		{9505F92C-07B1-4AEF-B3A3-7DF8639081AD}.Release|Any CPU.ActiveCfg = Release|Any CPU
		{9505F92C-07B1-4AEF-B3A3-7DF8639081AD}.Release|Any CPU.Build.0 = Release|Any CPU
	EndGlobalSection
	GlobalSection(SolutionProperties) = preSolution
		HideSolutionNode = FALSE
	EndGlobalSection
	GlobalSection(ExtensibilityGlobals) = postSolution
		SolutionGuid = {D412C88B-3A41-42D3-BA39-2AC2994278F5}
	EndGlobalSection
EndGlobal
